{
  "name": "jev-codex-token-saver",
  "version": "0.1.0",
  "lockfileVersion": 3,
  "requires": true,
  "packages": {
    "": {
      "name": "jev-codex-token-saver",
      "version": "0.1.0",
      "license": "MIT",
      "bin": {
        "jev-codex-investigate": "scripts/investigate.mjs"
      },
      "engines": {
        "node": ">=22.12"
      }
    }
  }
}
